
Microsoft Visual Studio Solution File, Format Version 12.00
# Visual Studio Version 16
VisualStudioVersion = 16.0.30804.86
MinimumVisualStudioVersion = 10.0.40219.1
Project("{FAE04EC0-301F-11D3-BF4B-00C04F79EFBC}") = "Tomi_telefon_2021.01.11", "Tomi_telefon_2021.01.11\Tomi_telefon_2021.01.11.csproj", "{87DFBD05-0837-451D-84D3-5610FDE5F942}"
EndProject
Global
	GlobalSection(SolutionConfigurationPlatforms) = preSolution
		Debug|Any CPU = Debug|Any CPU
		Release|Any CPU = Release|Any CPU
	EndGlobalSection
	GlobalSection(ProjectConfigurationPlatforms) = postSolution
		{87DFBD05-0837-451D-84D3-5610FDE5F942}.Debug|Any CPU.ActiveCfg = Debug|Any CPU
		{87DFBD05-0837-451D-84D3-5610FDE5F942}.Debug|Any CPU.Build.0 = Debug|Any CPU
		{87DFBD05-0837-451D-84D3-5610FDE5F942}.Release|Any CPU.ActiveCfg = Release|Any CPU
		{87DFBD05-0837-451D-84D3-5610FDE5F942}.Release|Any CPU.Build.0 = Release|Any CPU
	EndGlobalSection
	GlobalSection(SolutionProperties) = preSolution
		HideSolutionNode = FALSE
	EndGlobalSection
	GlobalSection(ExtensibilityGlobals) = postSolution
		SolutionGuid = {F84726C9-EE9C-4BD5-8285-EAEDB67DEC8C}
	EndGlobalSection
EndGlobal
